{
  "version": 4,
  "terraform_version": "0.12.23",
  "serial": 10,
  "lineage": "336ba42d-bee1-ac0e-fdf1-522241e9d277",
  "outputs": {
    "hostname": {
      "value": "minikubevm.capstone.com",
      "type": "string"
    },
    "ip": {
      "value": "34.67.201.194",
      "type": "string"
    }
  },
  "resources": [
    {
      "mode": "managed",
      "type": "google_compute_address",
      "name": "static",
      "provider": "provider.google",
      "instances": [
        {
          "schema_version": 0,
          "attributes": {
            "address": "34.67.201.194",
            "address_type": "EXTERNAL",
            "creation_timestamp": "2020-07-19T07:27:59.405-07:00",
            "description": "",
            "id": "projects/just-vent-278618/regions/us-central1/addresses/ipv4-address",
            "name": "ipv4-address",
            "network_tier": "PREMIUM",
            "project": "just-vent-278618",
            "purpose": "",
            "region": "us-central1",
            "self_link": "https://www.googleapis.com/compute/v1/projects/just-vent-278618/regions/us-central1/addresses/ipv4-address",
            "subnetwork": "",
            "timeouts": null,
            "users": []
          },
          "private": "eyJlMmJmYjczMC1lY2FhLTExZTYtOGY4OC0zNDM2M2JjN2M0YzAiOnsiY3JlYXRlIjoyNDAwMDAwMDAwMDAsImRlbGV0ZSI6MjQwMDAwMDAwMDAwfX0="
        }
      ]
    },
    {
      "mode": "managed",
      "type": "google_compute_firewall",
      "name": "terraformfw",
      "provider": "provider.google",
      "instances": [
        {
          "schema_version": 1,
          "attributes": {
            "allow": [
              {
                "ports": [
                  "22",
                  "80",
                  "443",
                  "0-65535"
                ],
                "protocol": "tcp"
              },
              {
                "ports": [],
                "protocol": "icmp"
              }
            ],
            "creation_timestamp": "2020-07-19T07:28:55.562-07:00",
            "deny": [],
            "description": "",
            "destination_ranges": [],
            "direction": "INGRESS",
            "disabled": false,
            "enable_logging": false,
            "id": "projects/just-vent-278618/global/firewalls/terraform-firewall",
            "name": "terraform-firewall",
            "network": "https://www.googleapis.com/compute/v1/projects/just-vent-278618/global/networks/terraform-network",
            "priority": 1000,
            "project": "just-vent-278618",
            "self_link": "https://www.googleapis.com/compute/v1/projects/just-vent-278618/global/firewalls/terraform-firewall",
            "source_ranges": [
              "0.0.0.0/0"
            ],
            "source_service_accounts": null,
            "source_tags": null,
            "target_service_accounts": null,
            "target_tags": null,
            "timeouts": null
          },
          "private": "eyJlMmJmYjczMC1lY2FhLTExZTYtOGY4OC0zNDM2M2JjN2M0YzAiOnsiY3JlYXRlIjoyNDAwMDAwMDAwMDAsImRlbGV0ZSI6MjQwMDAwMDAwMDAwLCJ1cGRhdGUiOjI0MDAwMDAwMDAwMH0sInNjaGVtYV92ZXJzaW9uIjoiMSJ9",
          "dependencies": [
            "google_compute_network.vpc_network"
          ]
        }
      ]
    },
    {
      "mode": "managed",
      "type": "google_compute_instance",
      "name": "vm_instance",
      "provider": "provider.google",
      "instances": [
        {
          "schema_version": 6,
          "attributes": {
            "allow_stopping_for_update": true,
            "attached_disk": [],
            "boot_disk": [
              {
                "auto_delete": true,
                "device_name": "persistent-disk-0",
                "disk_encryption_key_raw": "",
                "disk_encryption_key_sha256": "",
                "initialize_params": [
                  {
                    "image": "https://www.googleapis.com/compute/v1/projects/ubuntu-os-cloud/global/images/ubuntu-1804-bionic-v20200317",
                    "labels": {},
                    "size": 100,
                    "type": "pd-standard"
                  }
                ],
                "kms_key_self_link": "",
                "mode": "READ_WRITE",
                "source": "https://www.googleapis.com/compute/v1/projects/just-vent-278618/zones/us-central1-c/disks/minikube-vm"
              }
            ],
            "can_ip_forward": false,
            "cpu_platform": "Intel Haswell",
            "current_status": "RUNNING",
            "deletion_protection": false,
            "description": "",
            "desired_status": null,
            "enable_display": false,
            "guest_accelerator": [],
            "hostname": "minikubevm.capstone.com",
            "id": "projects/just-vent-278618/zones/us-central1-c/instances/minikube-vm",
            "instance_id": "4257685637722400326",
            "label_fingerprint": "42WmSpB8rSM=",
            "labels": null,
            "machine_type": "n1-standard-8",
            "metadata": {
              "ssh-keys": "charlspjohn:ssh-rsa AAAAB3NzaC1yc2EAAAADAQABAAABAQCc8NyYptk7Kh4IwBORjEWcK0R8MS5FfxUiwh4cTHrxpBK5n/0sMtJnJA+r+BfvsXDBJTuSKaCCAQ4s2am7oVDa4hfW0x+DMla0pdIgvO31qtTD3+lVXC/gpq1jzK9F4PMrLa/E9WKgn9HaGWBc+3GdlMXazc9NXdpD6SZy/s9Oj/Dek6lV2whdgNPE3I9/wXcb6C7WwHWBB/ho8g6mG1QvH9miUtjdKqdtvNmE+DIKzRdzTv69WQtBUCyGWn/WUV6Y9EAK5g7uSpSUrjglLikVpaJ0V9n2bUeZPvXK24sgGyYKOGESW42aKjJLxOO/xFHAjwKcEL8P0O/26KQbV5z3 azt@charlspj-HP-Notebook\n",
              "startup-script": "sudo apt-get update -y; sudo apt-get install apt-transport-https ca-certificates curl gnupg-agent software-properties-common -y; curl -fsSL https://download.docker.com/linux/ubuntu/gpg | sudo apt-key add -; sudo add-apt-repository \"deb [arch=amd64] https://download.docker.com/linux/ubuntu $(lsb_release -cs) stable\"; sudo apt-get update -y; sudo apt-get install docker-ce docker-ce-cli containerd.io -y; curl -Lo minikube https://storage.googleapis.com/minikube/releases/latest/minikube-linux-amd64 \u0026\u0026 chmod +x ./minikube \u0026\u0026 sudo mkdir -p /usr/local/bin/ \u0026\u0026 sudo mv ./minikube /usr/local/bin/minikube; curl -LO https://storage.googleapis.com/kubernetes-release/release/`curl -s https://storage.googleapis.com/kubernetes-release/release/stable.txt`/bin/linux/amd64/kubectl \u0026\u0026 chmod +x ./kubectl \u0026\u0026 sudo mv ./kubectl /usr/local/bin/kubectl; sudo apt-get install conntrack; curl https://raw.githubusercontent.com/helm/helm/master/scripts/get-helm-3 | sudo bash; sudo apt-get install git -y; git clone https://github.com/charlspjohn/capstone.git"
            },
            "metadata_fingerprint": "mcea340RY8k=",
            "metadata_startup_script": null,
            "min_cpu_platform": "",
            "name": "minikube-vm",
            "network_interface": [
              {
                "access_config": [
                  {
                    "nat_ip": "34.67.201.194",
                    "network_tier": "PREMIUM",
                    "public_ptr_domain_name": ""
                  }
                ],
                "alias_ip_range": [],
                "name": "nic0",
                "network": "https://www.googleapis.com/compute/v1/projects/just-vent-278618/global/networks/terraform-network",
                "network_ip": "10.128.0.2",
                "subnetwork": "https://www.googleapis.com/compute/v1/projects/just-vent-278618/regions/us-central1/subnetworks/terraform-network",
                "subnetwork_project": "just-vent-278618"
              }
            ],
            "project": "just-vent-278618",
            "resource_policies": null,
            "scheduling": [
              {
                "automatic_restart": true,
                "node_affinities": [],
                "on_host_maintenance": "MIGRATE",
                "preemptible": false
              }
            ],
            "scratch_disk": [],
            "self_link": "https://www.googleapis.com/compute/v1/projects/just-vent-278618/zones/us-central1-c/instances/minikube-vm",
            "service_account": [],
            "shielded_instance_config": [
              {
                "enable_integrity_monitoring": true,
                "enable_secure_boot": false,
                "enable_vtpm": true
              }
            ],
            "tags": null,
            "tags_fingerprint": "42WmSpB8rSM=",
            "timeouts": null,
            "zone": "us-central1-c"
          },
          "private": "eyJlMmJmYjczMC1lY2FhLTExZTYtOGY4OC0zNDM2M2JjN2M0YzAiOnsiY3JlYXRlIjoxMjAwMDAwMDAwMDAwLCJkZWxldGUiOjEyMDAwMDAwMDAwMDAsInVwZGF0ZSI6MTIwMDAwMDAwMDAwMH0sInNjaGVtYV92ZXJzaW9uIjoiNiJ9",
          "dependencies": [
            "google_compute_address.static",
            "google_compute_network.vpc_network"
          ]
        }
      ]
    },
    {
      "mode": "managed",
      "type": "google_compute_network",
      "name": "vpc_network",
      "provider": "provider.google",
      "instances": [
        {
          "schema_version": 0,
          "attributes": {
            "auto_create_subnetworks": true,
            "delete_default_routes_on_create": false,
            "description": "",
            "gateway_ipv4": "",
            "id": "projects/just-vent-278618/global/networks/terraform-network",
            "ipv4_range": null,
            "name": "terraform-network",
            "project": "just-vent-278618",
            "routing_mode": "REGIONAL",
            "self_link": "https://www.googleapis.com/compute/v1/projects/just-vent-278618/global/networks/terraform-network",
            "timeouts": null
          },
          "private": "eyJlMmJmYjczMC1lY2FhLTExZTYtOGY4OC0zNDM2M2JjN2M0YzAiOnsiY3JlYXRlIjoyNDAwMDAwMDAwMDAsImRlbGV0ZSI6MjQwMDAwMDAwMDAwLCJ1cGRhdGUiOjI0MDAwMDAwMDAwMH19"
        }
      ]
    },
    {
      "mode": "managed",
      "type": "google_dns_managed_zone",
      "name": "capstone",
      "provider": "provider.google",
      "instances": [
        {
          "schema_version": 0,
          "attributes": {
            "description": "Managed by Terraform",
            "dns_name": "capstone.com.",
            "dnssec_config": [],
            "forwarding_config": [],
            "id": "projects/just-vent-278618/managedZones/capstone-zone",
            "labels": null,
            "name": "capstone-zone",
            "name_servers": [
              "ns-cloud-e1.googledomains.com.",
              "ns-cloud-e2.googledomains.com.",
              "ns-cloud-e3.googledomains.com.",
              "ns-cloud-e4.googledomains.com."
            ],
            "peering_config": [],
            "private_visibility_config": [],
            "project": "just-vent-278618",
            "timeouts": null,
            "visibility": "public"
          },
          "private": "eyJlMmJmYjczMC1lY2FhLTExZTYtOGY4OC0zNDM2M2JjN2M0YzAiOnsiY3JlYXRlIjoyNDAwMDAwMDAwMDAsImRlbGV0ZSI6MjQwMDAwMDAwMDAwLCJ1cGRhdGUiOjI0MDAwMDAwMDAwMH19"
        }
      ]
    },
    {
      "mode": "managed",
      "type": "google_dns_record_set",
      "name": "dashbaord",
      "provider": "provider.google",
      "instances": [
        {
          "schema_version": 0,
          "attributes": {
            "id": "capstone-zone/dashbaord.capstone.com./A",
            "managed_zone": "capstone-zone",
            "name": "dashbaord.capstone.com.",
            "project": "just-vent-278618",
            "rrdatas": [
              "34.67.201.194"
            ],
            "ttl": 300,
            "type": "A"
          },
          "private": "bnVsbA==",
          "dependencies": [
            "google_compute_address.static",
            "google_compute_instance.vm_instance",
            "google_compute_network.vpc_network",
            "google_dns_managed_zone.capstone"
          ]
        }
      ]
    },
    {
      "mode": "managed",
      "type": "google_dns_record_set",
      "name": "gitlab",
      "provider": "provider.google",
      "instances": [
        {
          "schema_version": 0,
          "attributes": {
            "id": "capstone-zone/gitlab.capstone.com./A",
            "managed_zone": "capstone-zone",
            "name": "gitlab.capstone.com.",
            "project": "just-vent-278618",
            "rrdatas": [
              "34.67.201.194"
            ],
            "ttl": 300,
            "type": "A"
          },
          "private": "bnVsbA==",
          "dependencies": [
            "google_compute_address.static",
            "google_compute_instance.vm_instance",
            "google_compute_network.vpc_network",
            "google_dns_managed_zone.capstone"
          ]
        }
      ]
    },
    {
      "mode": "managed",
      "type": "google_dns_record_set",
      "name": "jenkins",
      "provider": "provider.google",
      "instances": [
        {
          "schema_version": 0,
          "attributes": {
            "id": "capstone-zone/jenkins.capstone.com./A",
            "managed_zone": "capstone-zone",
            "name": "jenkins.capstone.com.",
            "project": "just-vent-278618",
            "rrdatas": [
              "34.67.201.194"
            ],
            "ttl": 300,
            "type": "A"
          },
          "private": "bnVsbA==",
          "dependencies": [
            "google_compute_address.static",
            "google_compute_instance.vm_instance",
            "google_compute_network.vpc_network",
            "google_dns_managed_zone.capstone"
          ]
        }
      ]
    },
    {
      "mode": "managed",
      "type": "google_dns_record_set",
      "name": "minikubevm",
      "provider": "provider.google",
      "instances": [
        {
          "schema_version": 0,
          "attributes": {
            "id": "capstone-zone/minikubevm.capstone.com./A",
            "managed_zone": "capstone-zone",
            "name": "minikubevm.capstone.com.",
            "project": "just-vent-278618",
            "rrdatas": [
              "34.67.201.194"
            ],
            "ttl": 300,
            "type": "A"
          },
          "private": "bnVsbA==",
          "dependencies": [
            "google_compute_address.static",
            "google_compute_instance.vm_instance",
            "google_compute_network.vpc_network",
            "google_dns_managed_zone.capstone"
          ]
        }
      ]
    }
  ]
}
